// !$*UTF8*$!
{
	archiveVersion = 1;
	classes = {
	};
	objectVersion = 77;
	objects = {

/* Begin PBXBuildFile section */
		4B9265042D6695DB0034A270 /* WidgetKit.framework in Frameworks */ = {isa = PBXBuildFile; fileRef = 4BF75EB92D62EA1400A38EC0 /* WidgetKit.framework */; };
		4B9265052D6695DB0034A270 /* SwiftUI.framework in Frameworks */ = {isa = PBXBuildFile; fileRef = 4BF75EBB2D62EA1400A38EC0 /* SwiftUI.framework */; };
		4B9265162D6695DC0034A270 /* PomoWidgetExtension.appex in Embed Foundation Extensions */ = {isa = PBXBuildFile; fileRef = 4B9265032D6695DB0034A270 /* PomoWidgetExtension.appex */; settings = {ATTRIBUTES = (RemoveHeadersOnCopy, ); }; };
		4B9265562D66A1E80034A270 /* libSharedModelsLibrary.a in Frameworks */ = {isa = PBXBuildFile; fileRef = 4B92654B2D66A10C0034A270 /* libSharedModelsLibrary.a */; settings = {ATTRIBUTES = (Required, ); }; };
/* End PBXBuildFile section */

/* Begin PBXContainerItemProxy section */
		4B2081E32CBDCB12002012B7 /* PBXContainerItemProxy */ = {
			isa = PBXContainerItemProxy;
			containerPortal = 4B2081C82CBDCB11002012B7 /* Project object */;
			proxyType = 1;
			remoteGlobalIDString = 4B2081CF2CBDCB11002012B7;
			remoteInfo = PomodoroReflect;
		};
		4B2081ED2CBDCB12002012B7 /* PBXContainerItemProxy */ = {
			isa = PBXContainerItemProxy;
			containerPortal = 4B2081C82CBDCB11002012B7 /* Project object */;
			proxyType = 1;
			remoteGlobalIDString = 4B2081CF2CBDCB11002012B7;
			remoteInfo = PomodoroReflect;
		};
		4B9265142D6695DC0034A270 /* PBXContainerItemProxy */ = {
			isa = PBXContainerItemProxy;
			containerPortal = 4B2081C82CBDCB11002012B7 /* Project object */;
			proxyType = 1;
			remoteGlobalIDString = 4B9265022D6695DB0034A270;
			remoteInfo = PomoWidgetExtension;
		};
		4B9265572D66A1E80034A270 /* PBXContainerItemProxy */ = {
			isa = PBXContainerItemProxy;
			containerPortal = 4B2081C82CBDCB11002012B7 /* Project object */;
			proxyType = 1;
			remoteGlobalIDString = 4B92654A2D66A10C0034A270;
			remoteInfo = SharedModelsLibrary;
		};
/* End PBXContainerItemProxy section */

/* Begin PBXCopyFilesBuildPhase section */
		4B9264FE2D6663E30034A270 /* Embed Foundation Extensions */ = {
			isa = PBXCopyFilesBuildPhase;
			buildActionMask = 2147483647;
			dstPath = "";
			dstSubfolderSpec = 13;
			files = (
				4B9265162D6695DC0034A270 /* PomoWidgetExtension.appex in Embed Foundation Extensions */,
			);
			name = "Embed Foundation Extensions";
			runOnlyForDeploymentPostprocessing = 0;
		};
		4B9265492D66A10C0034A270 /* CopyFiles */ = {
			isa = PBXCopyFilesBuildPhase;
			buildActionMask = 2147483647;
			dstPath = "include/$(PRODUCT_NAME)";
			dstSubfolderSpec = 16;
			files = (
			);
			runOnlyForDeploymentPostprocessing = 0;
		};
/* End PBXCopyFilesBuildPhase section */

/* Begin PBXFileReference section */
		4B2081D02CBDCB11002012B7 /* PomodoroReflect.app */ = {isa = PBXFileReference; explicitFileType = wrapper.application; includeInIndex = 0; path = PomodoroReflect.app; sourceTree = BUILT_PRODUCTS_DIR; };
		4B2081E22CBDCB12002012B7 /* PomodoroReflectTests.xctest */ = {isa = PBXFileReference; explicitFileType = wrapper.cfbundle; includeInIndex = 0; path = PomodoroReflectTests.xctest; sourceTree = BUILT_PRODUCTS_DIR; };
		4B2081EC2CBDCB12002012B7 /* PomodoroReflectUITests.xctest */ = {isa = PBXFileReference; explicitFileType = wrapper.cfbundle; includeInIndex = 0; path = PomodoroReflectUITests.xctest; sourceTree = BUILT_PRODUCTS_DIR; };
		4B9265032D6695DB0034A270 /* PomoWidgetExtension.appex */ = {isa = PBXFileReference; explicitFileType = "wrapper.app-extension"; includeInIndex = 0; path = PomoWidgetExtension.appex; sourceTree = BUILT_PRODUCTS_DIR; };
		4B92654B2D66A10C0034A270 /* libSharedModelsLibrary.a */ = {isa = PBXFileReference; explicitFileType = archive.ar; includeInIndex = 0; path = libSharedModelsLibrary.a; sourceTree = BUILT_PRODUCTS_DIR; };
		4BF75EB92D62EA1400A38EC0 /* WidgetKit.framework */ = {isa = PBXFileReference; lastKnownFileType = wrapper.framework; name = WidgetKit.framework; path = System/Library/Frameworks/WidgetKit.framework; sourceTree = SDKROOT; };
		4BF75EBB2D62EA1400A38EC0 /* SwiftUI.framework */ = {isa = PBXFileReference; lastKnownFileType = wrapper.framework; name = SwiftUI.framework; path = System/Library/Frameworks/SwiftUI.framework; sourceTree = SDKROOT; };
/* End PBXFileReference section */

/* Begin PBXFileSystemSynchronizedBuildFileExceptionSet section */
		4B2082072CBE23FC002012B7 /* Exceptions for "PomodoroReflect" folder in "PomodoroReflect" target */ = {
			isa = PBXFileSystemSynchronizedBuildFileExceptionSet;
			membershipExceptions = (
				Info.plist,
			);
			target = 4B2081CF2CBDCB11002012B7 /* PomodoroReflect */;
		};
		4B92651A2D6695DC0034A270 /* Exceptions for "PomoWidget" folder in "PomoWidgetExtension" target */ = {
			isa = PBXFileSystemSynchronizedBuildFileExceptionSet;
			membershipExceptions = (
				Info.plist,
			);
			target = 4B9265022D6695DB0034A270 /* PomoWidgetExtension */;
		};
		4B9265542D66A1960034A270 /* Exceptions for "SharedModelsLibrary" folder in "PomoWidgetExtension" target */ = {
			isa = PBXFileSystemSynchronizedBuildFileExceptionSet;
			membershipExceptions = (
				AudioManager.swift,
				CountdownLiveActivity.swift,
				PomoWidgetAttributes.swift,
				Themes.swift,
				TimerActivityAttributes.swift,
				utils.swift,
			);
			target = 4B9265022D6695DB0034A270 /* PomoWidgetExtension */;
		};
		4BD664322D69327B00E86A63 /* Exceptions for "PomoWidget" folder in "PomodoroReflect" target */ = {
			isa = PBXFileSystemSynchronizedBuildFileExceptionSet;
			membershipExceptions = (
				AppIntent.swift,
				PomoLiveIntent.swift,
				PomoWidgetLiveActivity.swift,
			);
			target = 4B2081CF2CBDCB11002012B7 /* PomodoroReflect */;
		};
		4BD664E22D70D92500E86A63 /* Exceptions for "PomodoroReflect" folder in "PomoWidgetExtension" target */ = {
			isa = PBXFileSystemSynchronizedBuildFileExceptionSet;
			membershipExceptions = (
				Assets/logo.png,
				Models/TimerFunctionality.swift,
			);
			target = 4B9265022D6695DB0034A270 /* PomoWidgetExtension */;
		};
		4BE162A02D67B57F0030716B /* Exceptions for "SharedModelsLibrary" folder in "PomodoroReflect" target */ = {
			isa = PBXFileSystemSynchronizedBuildFileExceptionSet;
			membershipExceptions = (
				AudioManager.swift,
				CountdownLiveActivity.swift,
				PomoWidgetAttributes.swift,
				Themes.swift,
				TimerActivityAttributes.swift,
				utils.swift,
			);
			target = 4B2081CF2CBDCB11002012B7 /* PomodoroReflect */;
		};
/* End PBXFileSystemSynchronizedBuildFileExceptionSet section */

/* Begin PBXFileSystemSynchronizedRootGroup section */
		4B2081D22CBDCB11002012B7 /* PomodoroReflect */ = {
			isa = PBXFileSystemSynchronizedRootGroup;
			exceptions = (
				4B2082072CBE23FC002012B7 /* Exceptions for "PomodoroReflect" folder in "PomodoroReflect" target */,
				4BD664E22D70D92500E86A63 /* Exceptions for "PomodoroReflect" folder in "PomoWidgetExtension" target */,
			);
			path = PomodoroReflect;
			sourceTree = "<group>";
		};
		4B2081E52CBDCB12002012B7 /* PomodoroReflectTests */ = {
			isa = PBXFileSystemSynchronizedRootGroup;
			path = PomodoroReflectTests;
			sourceTree = "<group>";
		};
		4B2081EF2CBDCB12002012B7 /* PomodoroReflectUITests */ = {
			isa = PBXFileSystemSynchronizedRootGroup;
			path = PomodoroReflectUITests;
			sourceTree = "<group>";
		};
		4B9265062D6695DB0034A270 /* PomoWidget */ = {
			isa = PBXFileSystemSynchronizedRootGroup;
			exceptions = (
				4BD664322D69327B00E86A63 /* Exceptions for "PomoWidget" folder in "PomodoroReflect" target */,
				4B92651A2D6695DC0034A270 /* Exceptions for "PomoWidget" folder in "PomoWidgetExtension" target */,
			);
			path = PomoWidget;
			sourceTree = "<group>";
		};
		4B92654C2D66A10C0034A270 /* SharedModelsLibrary */ = {
			isa = PBXFileSystemSynchronizedRootGroup;
			exceptions = (
				4BE162A02D67B57F0030716B /* Exceptions for "SharedModelsLibrary" folder in "PomodoroReflect" target */,
				4B9265542D66A1960034A270 /* Exceptions for "SharedModelsLibrary" folder in "PomoWidgetExtension" target */,
			);
			path = SharedModelsLibrary;
			sourceTree = "<group>";
		};
/* End PBXFileSystemSynchronizedRootGroup section */

/* Begin PBXFrameworksBuildPhase section */
		4B2081CD2CBDCB11002012B7 /* Frameworks */ = {
			isa = PBXFrameworksBuildPhase;
			buildActionMask = 2147483647;
			files = (
				4B9265562D66A1E80034A270 /* libSharedModelsLibrary.a in Frameworks */,
			);
			runOnlyForDeploymentPostprocessing = 0;
		};
		4B2081DF2CBDCB12002012B7 /* Frameworks */ = {
			isa = PBXFrameworksBuildPhase;
			buildActionMask = 2147483647;
			files = (
			);
			runOnlyForDeploymentPostprocessing = 0;
		};
		4B2081E92CBDCB12002012B7 /* Frameworks */ = {
			isa = PBXFrameworksBuildPhase;
			buildActionMask = 2147483647;
			files = (
			);
			runOnlyForDeploymentPostprocessing = 0;
		};
		4B9265002D6695DB0034A270 /* Frameworks */ = {
			isa = PBXFrameworksBuildPhase;
			buildActionMask = 2147483647;
			files = (
				4B9265052D6695DB0034A270 /* SwiftUI.framework in Frameworks */,
				4B9265042D6695DB0034A270 /* WidgetKit.framework in Frameworks */,
			);
			runOnlyForDeploymentPostprocessing = 0;
		};
		4B9265482D66A10C0034A270 /* Frameworks */ = {
			isa = PBXFrameworksBuildPhase;
			buildActionMask = 2147483647;
			files = (
			);
			runOnlyForDeploymentPostprocessing = 0;
		};
/* End PBXFrameworksBuildPhase section */

/* Begin PBXGroup section */
		4B2081C72CBDCB11002012B7 = {
			isa = PBXGroup;
			children = (
				4B2081D22CBDCB11002012B7 /* PomodoroReflect */,
				4B2081E52CBDCB12002012B7 /* PomodoroReflectTests */,
				4B2081EF2CBDCB12002012B7 /* PomodoroReflectUITests */,
				4B9265062D6695DB0034A270 /* PomoWidget */,
				4B92654C2D66A10C0034A270 /* SharedModelsLibrary */,
				4BF75EB82D62EA1400A38EC0 /* Frameworks */,
				4B2081D12CBDCB11002012B7 /* Products */,
			);
			sourceTree = "<group>";
		};
		4B2081D12CBDCB11002012B7 /* Products */ = {
			isa = PBXGroup;
			children = (
				4B2081D02CBDCB11002012B7 /* PomodoroReflect.app */,
				4B2081E22CBDCB12002012B7 /* PomodoroReflectTests.xctest */,
				4B2081EC2CBDCB12002012B7 /* PomodoroReflectUITests.xctest */,
				4B9265032D6695DB0034A270 /* PomoWidgetExtension.appex */,
				4B92654B2D66A10C0034A270 /* libSharedModelsLibrary.a */,
			);
			name = Products;
			sourceTree = "<group>";
		};
		4BF75EB82D62EA1400A38EC0 /* Frameworks */ = {
			isa = PBXGroup;
			children = (
				4BF75EB92D62EA1400A38EC0 /* WidgetKit.framework */,
				4BF75EBB2D62EA1400A38EC0 /* SwiftUI.framework */,
			);
			name = Frameworks;
			sourceTree = "<group>";
		};
/* End PBXGroup section */

/* Begin PBXNativeTarget section */
		4B2081CF2CBDCB11002012B7 /* PomodoroReflect */ = {
			isa = PBXNativeTarget;
			buildConfigurationList = 4B2081F62CBDCB12002012B7 /* Build configuration list for PBXNativeTarget "PomodoroReflect" */;
			buildPhases = (
				4B2081CC2CBDCB11002012B7 /* Sources */,
				4B2081CD2CBDCB11002012B7 /* Frameworks */,
				4B2081CE2CBDCB11002012B7 /* Resources */,
				4B9264FE2D6663E30034A270 /* Embed Foundation Extensions */,
			);
			buildRules = (
			);
			dependencies = (
				4B9265152D6695DC0034A270 /* PBXTargetDependency */,
				4B9265582D66A1E80034A270 /* PBXTargetDependency */,
			);
			fileSystemSynchronizedGroups = (
				4B2081D22CBDCB11002012B7 /* PomodoroReflect */,
			);
			name = PomodoroReflect;
			packageProductDependencies = (
			);
			productName = PomodoroReflect;
			productReference = 4B2081D02CBDCB11002012B7 /* PomodoroReflect.app */;
			productType = "com.apple.product-type.application";
		};
		4B2081E12CBDCB12002012B7 /* PomodoroReflectTests */ = {
			isa = PBXNativeTarget;
			buildConfigurationList = 4B2081F92CBDCB12002012B7 /* Build configuration list for PBXNativeTarget "PomodoroReflectTests" */;
			buildPhases = (
				4B2081DE2CBDCB12002012B7 /* Sources */,
				4B2081DF2CBDCB12002012B7 /* Frameworks */,
				4B2081E02CBDCB12002012B7 /* Resources */,
			);
			buildRules = (
			);
			dependencies = (
				4B2081E42CBDCB12002012B7 /* PBXTargetDependency */,
			);
			fileSystemSynchronizedGroups = (
				4B2081E52CBDCB12002012B7 /* PomodoroReflectTests */,
			);
			name = PomodoroReflectTests;
			packageProductDependencies = (
			);
			productName = PomodoroReflectTests;
			productReference = 4B2081E22CBDCB12002012B7 /* PomodoroReflectTests.xctest */;
			productType = "com.apple.product-type.bundle.unit-test";
		};
		4B2081EB2CBDCB12002012B7 /* PomodoroReflectUITests */ = {
			isa = PBXNativeTarget;
			buildConfigurationList = 4B2081FC2CBDCB12002012B7 /* Build configuration list for PBXNativeTarget "PomodoroReflectUITests" */;
			buildPhases = (
				4B2081E82CBDCB12002012B7 /* Sources */,
				4B2081E92CBDCB12002012B7 /* Frameworks */,
				4B2081EA2CBDCB12002012B7 /* Resources */,
			);
			buildRules = (
			);
			dependencies = (
				4B2081EE2CBDCB12002012B7 /* PBXTargetDependency */,
			);
			fileSystemSynchronizedGroups = (
				4B2081EF2CBDCB12002012B7 /* PomodoroReflectUITests */,
			);
			name = PomodoroReflectUITests;
			packageProductDependencies = (
			);
			productName = PomodoroReflectUITests;
			productReference = 4B2081EC2CBDCB12002012B7 /* PomodoroReflectUITests.xctest */;
			productType = "com.apple.product-type.bundle.ui-testing";
		};
		4B9265022D6695DB0034A270 /* PomoWidgetExtension */ = {
			isa = PBXNativeTarget;
			buildConfigurationList = 4B9265172D6695DC0034A270 /* Build configuration list for PBXNativeTarget "PomoWidgetExtension" */;
			buildPhases = (
				4B9264FF2D6695DB0034A270 /* Sources */,
				4B9265002D6695DB0034A270 /* Frameworks */,
				4B9265012D6695DB0034A270 /* Resources */,
			);
			buildRules = (
			);
			dependencies = (
			);
			fileSystemSynchronizedGroups = (
				4B9265062D6695DB0034A270 /* PomoWidget */,
			);
			name = PomoWidgetExtension;
			packageProductDependencies = (
			);
			productName = PomoWidgetExtension;
			productReference = 4B9265032D6695DB0034A270 /* PomoWidgetExtension.appex */;
			productType = "com.apple.product-type.app-extension";
		};
		4B92654A2D66A10C0034A270 /* SharedModelsLibrary */ = {
			isa = PBXNativeTarget;
			buildConfigurationList = 4B92654F2D66A10C0034A270 /* Build configuration list for PBXNativeTarget "SharedModelsLibrary" */;
			buildPhases = (
				4B9265472D66A10C0034A270 /* Sources */,
				4B9265482D66A10C0034A270 /* Frameworks */,
				4B9265492D66A10C0034A270 /* CopyFiles */,
			);
			buildRules = (
			);
			dependencies = (
			);
			fileSystemSynchronizedGroups = (
				4B92654C2D66A10C0034A270 /* SharedModelsLibrary */,
			);
			name = SharedModelsLibrary;
			packageProductDependencies = (
			);
			productName = SharedModelsLibrary;
			productReference = 4B92654B2D66A10C0034A270 /* libSharedModelsLibrary.a */;
			productType = "com.apple.product-type.library.static";
		};
/* End PBXNativeTarget section */

/* Begin PBXProject section */
		4B2081C82CBDCB11002012B7 /* Project object */ = {
			isa = PBXProject;
			attributes = {
				BuildIndependentTargetsInParallel = 1;
				LastSwiftUpdateCheck = 1600;
				LastUpgradeCheck = 1600;
				TargetAttributes = {
					4B2081CF2CBDCB11002012B7 = {
						CreatedOnToolsVersion = 16.0;
					};
					4B2081E12CBDCB12002012B7 = {
						CreatedOnToolsVersion = 16.0;
						TestTargetID = 4B2081CF2CBDCB11002012B7;
					};
					4B2081EB2CBDCB12002012B7 = {
						CreatedOnToolsVersion = 16.0;
						TestTargetID = 4B2081CF2CBDCB11002012B7;
					};
					4B9265022D6695DB0034A270 = {
						CreatedOnToolsVersion = 16.0;
					};
					4B92654A2D66A10C0034A270 = {
						CreatedOnToolsVersion = 16.0;
					};
				};
			};
			buildConfigurationList = 4B2081CB2CBDCB11002012B7 /* Build configuration list for PBXProject "PomodoroReflect" */;
			developmentRegion = en;
			hasScannedForEncodings = 0;
			knownRegions = (
				en,
				Base,
			);
			mainGroup = 4B2081C72CBDCB11002012B7;
			minimizedProjectReferenceProxies = 1;
			preferredProjectObjectVersion = 77;
			productRefGroup = 4B2081D12CBDCB11002012B7 /* Products */;
			projectDirPath = "";
			projectRoot = "";
			targets = (
				4B2081CF2CBDCB11002012B7 /* PomodoroReflect */,
				4B2081E12CBDCB12002012B7 /* PomodoroReflectTests */,
				4B2081EB2CBDCB12002012B7 /* PomodoroReflectUITests */,
				4B9265022D6695DB0034A270 /* PomoWidgetExtension */,
				4B92654A2D66A10C0034A270 /* SharedModelsLibrary */,
			);
		};
/* End PBXProject section */

/* Begin PBXResourcesBuildPhase section */
		4B2081CE2CBDCB11002012B7 /* Resources */ = {
			isa = PBXResourcesBuildPhase;
			buildActionMask = 2147483647;
			files = (
			);
			runOnlyForDeploymentPostprocessing = 0;
		};
		4B2081E02CBDCB12002012B7 /* Resources */ = {
			isa = PBXResourcesBuildPhase;
			buildActionMask = 2147483647;
			files = (
			);
			runOnlyForDeploymentPostprocessing = 0;
		};
		4B2081EA2CBDCB12002012B7 /* Resources */ = {
			isa = PBXResourcesBuildPhase;
			buildActionMask = 2147483647;
			files = (
			);
			runOnlyForDeploymentPostprocessing = 0;
		};
		4B9265012D6695DB0034A270 /* Resources */ = {
			isa = PBXResourcesBuildPhase;
			buildActionMask = 2147483647;
			files = (
			);
			runOnlyForDeploymentPostprocessing = 0;
		};
/* End PBXResourcesBuildPhase section */

/* Begin PBXSourcesBuildPhase section */
		4B2081CC2CBDCB11002012B7 /* Sources */ = {
			isa = PBXSourcesBuildPhase;
			buildActionMask = 2147483647;
			files = (
			);
			runOnlyForDeploymentPostprocessing = 0;
		};
		4B2081DE2CBDCB12002012B7 /* Sources */ = {
			isa = PBXSourcesBuildPhase;
			buildActionMask = 2147483647;
			files = (
			);
			runOnlyForDeploymentPostprocessing = 0;
		};
		4B2081E82CBDCB12002012B7 /* Sources */ = {
			isa = PBXSourcesBuildPhase;
			buildActionMask = 2147483647;
			files = (
			);
			runOnlyForDeploymentPostprocessing = 0;
		};
		4B9264FF2D6695DB0034A270 /* Sources */ = {
			isa = PBXSourcesBuildPhase;
			buildActionMask = 2147483647;
			files = (
			);
			runOnlyForDeploymentPostprocessing = 0;
		};
		4B9265472D66A10C0034A270 /* Sources */ = {
			isa = PBXSourcesBuildPhase;
			buildActionMask = 2147483647;
			files = (
			);
			runOnlyForDeploymentPostprocessing = 0;
		};
/* End PBXSourcesBuildPhase section */

/* Begin PBXTargetDependency section */
		4B2081E42CBDCB12002012B7 /* PBXTargetDependency */ = {
			isa = PBXTargetDependency;
			target = 4B2081CF2CBDCB11002012B7 /* PomodoroReflect */;
			targetProxy = 4B2081E32CBDCB12002012B7 /* PBXContainerItemProxy */;
		};
		4B2081EE2CBDCB12002012B7 /* PBXTargetDependency */ = {
			isa = PBXTargetDependency;
			target = 4B2081CF2CBDCB11002012B7 /* PomodoroReflect */;
			targetProxy = 4B2081ED2CBDCB12002012B7 /* PBXContainerItemProxy */;
		};
		4B9265152D6695DC0034A270 /* PBXTargetDependency */ = {
			isa = PBXTargetDependency;
			target = 4B9265022D6695DB0034A270 /* PomoWidgetExtension */;
			targetProxy = 4B9265142D6695DC0034A270 /* PBXContainerItemProxy */;
		};
		4B9265582D66A1E80034A270 /* PBXTargetDependency */ = {
			isa = PBXTargetDependency;
			target = 4B92654A2D66A10C0034A270 /* SharedModelsLibrary */;
			targetProxy = 4B9265572D66A1E80034A270 /* PBXContainerItemProxy */;
		};
/* End PBXTargetDependency section */

/* Begin XCBuildConfiguration section */
		4B2081F42CBDCB12002012B7 /* Debug */ = {
			isa = XCBuildConfiguration;
			buildSettings = {
				ALWAYS_SEARCH_USER_PATHS = NO;
				ASSETCATALOG_COMPILER_GENERATE_SWIFT_ASSET_SYMBOL_EXTENSIONS = YES;
				CLANG_ANALYZER_NONNULL = YES;
				CLANG_ANALYZER_NUMBER_OBJECT_CONVERSION = YES_AGGRESSIVE;
				CLANG_CXX_LANGUAGE_STANDARD = "gnu++20";
				CLANG_ENABLE_MODULES = YES;
				CLANG_ENABLE_OBJC_ARC = YES;
				CLANG_ENABLE_OBJC_WEAK = YES;
				CLANG_WARN_BLOCK_CAPTURE_AUTORELEASING = YES;
				CLANG_WARN_BOOL_CONVERSION = YES;
				CLANG_WARN_COMMA = YES;
				CLANG_WARN_CONSTANT_CONVERSION = YES;
				CLANG_WARN_DEPRECATED_OBJC_IMPLEMENTATIONS = YES;
				CLANG_WARN_DIRECT_OBJC_ISA_USAGE = YES_ERROR;
				CLANG_WARN_DOCUMENTATION_COMMENTS = YES;
				CLANG_WARN_EMPTY_BODY = YES;
				CLANG_WARN_ENUM_CONVERSION = YES;
				CLANG_WARN_INFINITE_RECURSION = YES;
				CLANG_WARN_INT_CONVERSION = YES;
				CLANG_WARN_NON_LITERAL_NULL_CONVERSION = YES;
				CLANG_WARN_OBJC_IMPLICIT_RETAIN_SELF = YES;
				CLANG_WARN_OBJC_LITERAL_CONVERSION = YES;
				CLANG_WARN_OBJC_ROOT_CLASS = YES_ERROR;
				CLANG_WARN_QUOTED_INCLUDE_IN_FRAMEWORK_HEADER = YES;
				CLANG_WARN_RANGE_LOOP_ANALYSIS = YES;
				CLANG_WARN_STRICT_PROTOTYPES = YES;
				CLANG_WARN_SUSPICIOUS_MOVE = YES;
				CLANG_WARN_UNGUARDED_AVAILABILITY = YES_AGGRESSIVE;
				CLANG_WARN_UNREACHABLE_CODE = YES;
				CLANG_WARN__DUPLICATE_METHOD_MATCH = YES;
				COPY_PHASE_STRIP = NO;
				DEBUG_INFORMATION_FORMAT = dwarf;
				ENABLE_STRICT_OBJC_MSGSEND = YES;
				ENABLE_TESTABILITY = YES;
				ENABLE_USER_SCRIPT_SANDBOXING = YES;
				GCC_C_LANGUAGE_STANDARD = gnu17;
				GCC_DYNAMIC_NO_PIC = NO;
				GCC_NO_COMMON_BLOCKS = YES;
				GCC_OPTIMIZATION_LEVEL = 0;
				GCC_PREPROCESSOR_DEFINITIONS = (
					"DEBUG=1",
					"$(inherited)",
				);
				GCC_WARN_64_TO_32_BIT_CONVERSION = YES;
				GCC_WARN_ABOUT_RETURN_TYPE = YES_ERROR;
				GCC_WARN_UNDECLARED_SELECTOR = YES;
				GCC_WARN_UNINITIALIZED_AUTOS = YES_AGGRESSIVE;
				GCC_WARN_UNUSED_FUNCTION = YES;
				GCC_WARN_UNUSED_VARIABLE = YES;
				INFOPLIST_KEY_NSSupportsLiveActivities = YES;
				IPHONEOS_DEPLOYMENT_TARGET = 16.6;
				LOCALIZATION_PREFERS_STRING_CATALOGS = YES;
				MTL_ENABLE_DEBUG_INFO = INCLUDE_SOURCE;
				MTL_FAST_MATH = YES;
				ONLY_ACTIVE_ARCH = YES;
				SDKROOT = iphoneos;
				SWIFT_ACTIVE_COMPILATION_CONDITIONS = "DEBUG $(inherited)";
				SWIFT_OPTIMIZATION_LEVEL = "-Onone";
			};
			name = Debug;
		};
		4B2081F52CBDCB12002012B7 /* Release */ = {
			isa = XCBuildConfiguration;
			buildSettings = {
				ALWAYS_SEARCH_USER_PATHS = NO;
				ASSETCATALOG_COMPILER_GENERATE_SWIFT_ASSET_SYMBOL_EXTENSIONS = YES;
				CLANG_ANALYZER_NONNULL = YES;
				CLANG_ANALYZER_NUMBER_OBJECT_CONVERSION = YES_AGGRESSIVE;
				CLANG_CXX_LANGUAGE_STANDARD = "gnu++20";
				CLANG_ENABLE_MODULES = YES;
				CLANG_ENABLE_OBJC_ARC = YES;
				CLANG_ENABLE_OBJC_WEAK = YES;
				CLANG_WARN_BLOCK_CAPTURE_AUTORELEASING = YES;
				CLANG_WARN_BOOL_CONVERSION = YES;
				CLANG_WARN_COMMA = YES;
				CLANG_WARN_CONSTANT_CONVERSION = YES;
				CLANG_WARN_DEPRECATED_OBJC_IMPLEMENTATIONS = YES;
				CLANG_WARN_DIRECT_OBJC_ISA_USAGE = YES_ERROR;
				CLANG_WARN_DOCUMENTATION_COMMENTS = YES;
				CLANG_WARN_EMPTY_BODY = YES;
				CLANG_WARN_ENUM_CONVERSION = YES;
				CLANG_WARN_INFINITE_RECURSION = YES;
				CLANG_WARN_INT_CONVERSION = YES;
				CLANG_WARN_NON_LITERAL_NULL_CONVERSION = YES;
				CLANG_WARN_OBJC_IMPLICIT_RETAIN_SELF = YES;
				CLANG_WARN_OBJC_LITERAL_CONVERSION = YES;
				CLANG_WARN_OBJC_ROOT_CLASS = YES_ERROR;
				CLANG_WARN_QUOTED_INCLUDE_IN_FRAMEWORK_HEADER = YES;
				CLANG_WARN_RANGE_LOOP_ANALYSIS = YES;
				CLANG_WARN_STRICT_PROTOTYPES = YES;
				CLANG_WARN_SUSPICIOUS_MOVE = YES;
				CLANG_WARN_UNGUARDED_AVAILABILITY = YES_AGGRESSIVE;
				CLANG_WARN_UNREACHABLE_CODE = YES;
				CLANG_WARN__DUPLICATE_METHOD_MATCH = YES;
				COPY_PHASE_STRIP = NO;
				DEBUG_INFORMATION_FORMAT = "dwarf-with-dsym";
				ENABLE_NS_ASSERTIONS = NO;
				ENABLE_STRICT_OBJC_MSGSEND = YES;
				ENABLE_USER_SCRIPT_SANDBOXING = YES;
				GCC_C_LANGUAGE_STANDARD = gnu17;
				GCC_NO_COMMON_BLOCKS = YES;
				GCC_WARN_64_TO_32_BIT_CONVERSION = YES;
				GCC_WARN_ABOUT_RETURN_TYPE = YES_ERROR;
				GCC_WARN_UNDECLARED_SELECTOR = YES;
				GCC_WARN_UNINITIALIZED_AUTOS = YES_AGGRESSIVE;
				GCC_WARN_UNUSED_FUNCTION = YES;
				GCC_WARN_UNUSED_VARIABLE = YES;
				INFOPLIST_KEY_NSSupportsLiveActivities = YES;
				IPHONEOS_DEPLOYMENT_TARGET = 16.6;
				LOCALIZATION_PREFERS_STRING_CATALOGS = YES;
				MTL_ENABLE_DEBUG_INFO = NO;
				MTL_FAST_MATH = YES;
				SDKROOT = iphoneos;
				SWIFT_COMPILATION_MODE = wholemodule;
				VALIDATE_PRODUCT = YES;
			};
			name = Release;
		};
		4B2081F72CBDCB12002012B7 /* Debug */ = {
			isa = XCBuildConfiguration;
			buildSettings = {
				ASSETCATALOG_COMPILER_APPICON_NAME = AppIcon;
				ASSETCATALOG_COMPILER_GLOBAL_ACCENT_COLOR_NAME = AccentColor;
				CODE_SIGN_STYLE = Automatic;
				CURRENT_PROJECT_VERSION = 1;
				DEVELOPMENT_ASSET_PATHS = "\"PomodoroReflect/Preview Content\"";
				DEVELOPMENT_TEAM = U4NQ6TW82F;
				ENABLE_PREVIEWS = YES;
				GENERATE_INFOPLIST_FILE = YES;
				INFOPLIST_FILE = PomodoroReflect/Info.plist;
				INFOPLIST_KEY_NSSupportsLiveActivities = YES;
				INFOPLIST_KEY_UIApplicationSceneManifest_Generation = YES;
				INFOPLIST_KEY_UIApplicationSupportsIndirectInputEvents = YES;
				INFOPLIST_KEY_UILaunchScreen_Generation = YES;
				INFOPLIST_KEY_UISupportedInterfaceOrientations_iPad = "UIInterfaceOrientationPortrait UIInterfaceOrientationPortraitUpsideDown UIInterfaceOrientationLandscapeLeft UIInterfaceOrientationLandscapeRight";
				INFOPLIST_KEY_UISupportedInterfaceOrientations_iPhone = "UIInterfaceOrientationPortrait UIInterfaceOrientationLandscapeLeft UIInterfaceOrientationLandscapeRight";
				IPHONEOS_DEPLOYMENT_TARGET = 18;
				LD_RUNPATH_SEARCH_PATHS = (
					"$(inherited)",
					"@executable_path/Frameworks",
				);
				MARKETING_VERSION = 1.0;
				PRODUCT_BUNDLE_IDENTIFIER = vips.PomodoroReflect;
				PRODUCT_NAME = "$(TARGET_NAME)";
				SWIFT_EMIT_LOC_STRINGS = YES;
				SWIFT_VERSION = 5.0;
				TARGETED_DEVICE_FAMILY = "1,2";
			};
			name = Debug;
		};
		4B2081F82CBDCB12002012B7 /* Release */ = {
			isa = XCBuildConfiguration;
			buildSettings = {
				ASSETCATALOG_COMPILER_APPICON_NAME = AppIcon;
				ASSETCATALOG_COMPILER_GLOBAL_ACCENT_COLOR_NAME = AccentColor;
				CODE_SIGN_STYLE = Automatic;
				CURRENT_PROJECT_VERSION = 1;
				DEVELOPMENT_ASSET_PATHS = "\"PomodoroReflect/Preview Content\"";
				DEVELOPMENT_TEAM = U4NQ6TW82F;
				ENABLE_PREVIEWS = YES;
				GENERATE_INFOPLIST_FILE = YES;
				INFOPLIST_FILE = PomodoroReflect/Info.plist;
				INFOPLIST_KEY_NSSupportsLiveActivities = YES;
				INFOPLIST_KEY_UIApplicationSceneManifest_Generation = YES;
				INFOPLIST_KEY_UIApplicationSupportsIndirectInputEvents = YES;
				INFOPLIST_KEY_UILaunchScreen_Generation = YES;
				INFOPLIST_KEY_UISupportedInterfaceOrientations_iPad = "UIInterfaceOrientationPortrait UIInterfaceOrientationPortraitUpsideDown UIInterfaceOrientationLandscapeLeft UIInterfaceOrientationLandscapeRight";
				INFOPLIST_KEY_UISupportedInterfaceOrientations_iPhone = "UIInterfaceOrientationPortrait UIInterfaceOrientationLandscapeLeft UIInterfaceOrientationLandscapeRight";
				IPHONEOS_DEPLOYMENT_TARGET = 18;
				LD_RUNPATH_SEARCH_PATHS = (
					"$(inherited)",
					"@executable_path/Frameworks",
				);
				MARKETING_VERSION = 1.0;
				PRODUCT_BUNDLE_IDENTIFIER = vips.PomodoroReflect;
				PRODUCT_NAME = "$(TARGET_NAME)";
				SWIFT_EMIT_LOC_STRINGS = YES;
				SWIFT_VERSION = 5.0;
				TARGETED_DEVICE_FAMILY = "1,2";
			};
			name = Release;
		};
		4B2081FA2CBDCB12002012B7 /* Debug */ = {
			isa = XCBuildConfiguration;
			buildSettings = {
				BUNDLE_LOADER = "$(TEST_HOST)";
				CODE_SIGN_STYLE = Automatic;
				CURRENT_PROJECT_VERSION = 1;
				GENERATE_INFOPLIST_FILE = YES;
				IPHONEOS_DEPLOYMENT_TARGET = 18.0;
				MARKETING_VERSION = 1.0;
				PRODUCT_BUNDLE_IDENTIFIER = vips.PomodoroReflectTests;
				PRODUCT_NAME = "$(TARGET_NAME)";
				SWIFT_EMIT_LOC_STRINGS = NO;
				SWIFT_VERSION = 5.0;
				TARGETED_DEVICE_FAMILY = "1,2";
				TEST_HOST = "$(BUILT_PRODUCTS_DIR)/PomodoroReflect.app/$(BUNDLE_EXECUTABLE_FOLDER_PATH)/PomodoroReflect";
			};
			name = Debug;
		};
		4B2081FB2CBDCB12002012B7 /* Release */ = {
			isa = XCBuildConfiguration;
			buildSettings = {
				BUNDLE_LOADER = "$(TEST_HOST)";
				CODE_SIGN_STYLE = Automatic;
				CURRENT_PROJECT_VERSION = 1;
				GENERATE_INFOPLIST_FILE = YES;
				IPHONEOS_DEPLOYMENT_TARGET = 18.0;
				MARKETING_VERSION = 1.0;
				PRODUCT_BUNDLE_IDENTIFIER = vips.PomodoroReflectTests;
				PRODUCT_NAME = "$(TARGET_NAME)";
				SWIFT_EMIT_LOC_STRINGS = NO;
				SWIFT_VERSION = 5.0;
				TARGETED_DEVICE_FAMILY = "1,2";
				TEST_HOST = "$(BUILT_PRODUCTS_DIR)/PomodoroReflect.app/$(BUNDLE_EXECUTABLE_FOLDER_PATH)/PomodoroReflect";
			};
			name = Release;
		};
		4B2081FD2CBDCB12002012B7 /* Debug */ = {
			isa = XCBuildConfiguration;
			buildSettings = {
				CODE_SIGN_STYLE = Automatic;
				CURRENT_PROJECT_VERSION = 1;
				GENERATE_INFOPLIST_FILE = YES;
				MARKETING_VERSION = 1.0;
				PRODUCT_BUNDLE_IDENTIFIER = vips.PomodoroReflectUITests;
				PRODUCT_NAME = "$(TARGET_NAME)";
				SWIFT_EMIT_LOC_STRINGS = NO;
				SWIFT_VERSION = 5.0;
				TARGETED_DEVICE_FAMILY = "1,2";
				TEST_TARGET_NAME = PomodoroReflect;
			};
			name = Debug;
		};
		4B2081FE2CBDCB12002012B7 /* Release */ = {
			isa = XCBuildConfiguration;
			buildSettings = {
				CODE_SIGN_STYLE = Automatic;
				CURRENT_PROJECT_VERSION = 1;
				GENERATE_INFOPLIST_FILE = YES;
				MARKETING_VERSION = 1.0;
				PRODUCT_BUNDLE_IDENTIFIER = vips.PomodoroReflectUITests;
				PRODUCT_NAME = "$(TARGET_NAME)";
				SWIFT_EMIT_LOC_STRINGS = NO;
				SWIFT_VERSION = 5.0;
				TARGETED_DEVICE_FAMILY = "1,2";
				TEST_TARGET_NAME = PomodoroReflect;
			};
			name = Release;
		};
		4B9265182D6695DC0034A270 /* Debug */ = {
			isa = XCBuildConfiguration;
			buildSettings = {
				ASSETCATALOG_COMPILER_GLOBAL_ACCENT_COLOR_NAME = AccentColor;
				ASSETCATALOG_COMPILER_WIDGET_BACKGROUND_COLOR_NAME = WidgetBackground;
				CODE_SIGN_STYLE = Automatic;
				CURRENT_PROJECT_VERSION = 1;
				DEVELOPMENT_TEAM = U4NQ6TW82F;
				GENERATE_INFOPLIST_FILE = YES;
				INFOPLIST_FILE = PomoWidget/Info.plist;
				INFOPLIST_KEY_CFBundleDisplayName = PomoWidget;
				INFOPLIST_KEY_NSHumanReadableCopyright = "";
				IPHONEOS_DEPLOYMENT_TARGET = 18.0;
				LD_RUNPATH_SEARCH_PATHS = (
					"$(inherited)",
					"@executable_path/Frameworks",
					"@executable_path/../../Frameworks",
				);
				MARKETING_VERSION = 1.0;
				PRODUCT_BUNDLE_IDENTIFIER = vips.PomodoroReflect.PomoWidget;
				PRODUCT_NAME = "$(TARGET_NAME)";
				SKIP_INSTALL = YES;
				SWIFT_EMIT_LOC_STRINGS = YES;
				SWIFT_VERSION = 5.0;
				TARGETED_DEVICE_FAMILY = "1,2";
			};
			name = Debug;
		};
		4B9265192D6695DC0034A270 /* Release */ = {
			isa = XCBuildConfiguration;
			buildSettings = {
				ASSETCATALOG_COMPILER_GLOBAL_ACCENT_COLOR_NAME = AccentColor;
				ASSETCATALOG_COMPILER_WIDGET_BACKGROUND_COLOR_NAME = WidgetBackground;
				CODE_SIGN_STYLE = Automatic;
				CURRENT_PROJECT_VERSION = 1;
				DEVELOPMENT_TEAM = U4NQ6TW82F;
				GENERATE_INFOPLIST_FILE = YES;
				INFOPLIST_FILE = PomoWidget/Info.plist;
				INFOPLIST_KEY_CFBundleDisplayName = PomoWidget;
				INFOPLIST_KEY_NSHumanReadableCopyright = "";
				IPHONEOS_DEPLOYMENT_TARGET = 18.0;
				LD_RUNPATH_SEARCH_PATHS = (
					"$(inherited)",
					"@executable_path/Frameworks",
					"@executable_path/../../Frameworks",
				);
				MARKETING_VERSION = 1.0;
				PRODUCT_BUNDLE_IDENTIFIER = vips.PomodoroReflect.PomoWidget;
				PRODUCT_NAME = "$(TARGET_NAME)";
				SKIP_INSTALL = YES;
				SWIFT_EMIT_LOC_STRINGS = YES;
				SWIFT_VERSION = 5.0;
				TARGETED_DEVICE_FAMILY = "1,2";
			};
			name = Release;
		};
		4B9265502D66A10C0034A270 /* Debug */ = {
			isa = XCBuildConfiguration;
			buildSettings = {
				CODE_SIGN_STYLE = Automatic;
				DEVELOPMENT_TEAM = U4NQ6TW82F;
				IPHONEOS_DEPLOYMENT_TARGET = 18.0;
				OTHER_LDFLAGS = "-ObjC";
				PRODUCT_NAME = "$(TARGET_NAME)";
				SKIP_INSTALL = YES;
				SWIFT_VERSION = 5.0;
				TARGETED_DEVICE_FAMILY = "1,2";
			};
			name = Debug;
		};
		4B9265512D66A10C0034A270 /* Release */ = {
			isa = XCBuildConfiguration;
			buildSettings = {
				CODE_SIGN_STYLE = Automatic;
				DEVELOPMENT_TEAM = U4NQ6TW82F;
				IPHONEOS_DEPLOYMENT_TARGET = 18.0;
				OTHER_LDFLAGS = "-ObjC";
				PRODUCT_NAME = "$(TARGET_NAME)";
				SKIP_INSTALL = YES;
				SWIFT_VERSION = 5.0;
				TARGETED_DEVICE_FAMILY = "1,2";
			};
			name = Release;
		};
/* End XCBuildConfiguration section */

/* Begin XCConfigurationList section */
		4B2081CB2CBDCB11002012B7 /* Build configuration list for PBXProject "PomodoroReflect" */ = {
			isa = XCConfigurationList;
			buildConfigurations = (
				4B2081F42CBDCB12002012B7 /* Debug */,
				4B2081F52CBDCB12002012B7 /* Release */,
			);
			defaultConfigurationIsVisible = 0;
			defaultConfigurationName = Release;
		};
		4B2081F62CBDCB12002012B7 /* Build configuration list for PBXNativeTarget "PomodoroReflect" */ = {
			isa = XCConfigurationList;
			buildConfigurations = (
				4B2081F72CBDCB12002012B7 /* Debug */,
				4B2081F82CBDCB12002012B7 /* Release */,
			);
			defaultConfigurationIsVisible = 0;
			defaultConfigurationName = Release;
		};
		4B2081F92CBDCB12002012B7 /* Build configuration list for PBXNativeTarget "PomodoroReflectTests" */ = {
			isa = XCConfigurationList;
			buildConfigurations = (
				4B2081FA2CBDCB12002012B7 /* Debug */,
				4B2081FB2CBDCB12002012B7 /* Release */,
			);
			defaultConfigurationIsVisible = 0;
			defaultConfigurationName = Release;
		};
		4B2081FC2CBDCB12002012B7 /* Build configuration list for PBXNativeTarget "PomodoroReflectUITests" */ = {
			isa = XCConfigurationList;
			buildConfigurations = (
				4B2081FD2CBDCB12002012B7 /* Debug */,
				4B2081FE2CBDCB12002012B7 /* Release */,
			);
			defaultConfigurationIsVisible = 0;
			defaultConfigurationName = Release;
		};
		4B9265172D6695DC0034A270 /* Build configuration list for PBXNativeTarget "PomoWidgetExtension" */ = {
			isa = XCConfigurationList;
			buildConfigurations = (
				4B9265182D6695DC0034A270 /* Debug */,
				4B9265192D6695DC0034A270 /* Release */,
			);
			defaultConfigurationIsVisible = 0;
			defaultConfigurationName = Release;
		};
		4B92654F2D66A10C0034A270 /* Build configuration list for PBXNativeTarget "SharedModelsLibrary" */ = {
			isa = XCConfigurationList;
			buildConfigurations = (
				4B9265502D66A10C0034A270 /* Debug */,
				4B9265512D66A10C0034A270 /* Release */,
			);
			defaultConfigurationIsVisible = 0;
			defaultConfigurationName = Release;
		};
/* End XCConfigurationList section */
	};
	rootObject = 4B2081C82CBDCB11002012B7 /* Project object */;
}
